// !$*UTF8*$!
{
	archiveVersion = 1;
	classes = {
	};
	objectVersion = 56;
	objects = {

/* Begin PBXBuildFile section */
		05D1BFE347893444656ABCBD /* Pods_WorKit.framework in Frameworks */ = {isa = PBXBuildFile; fileRef = AC7B9F894197C88519185887 /* Pods_WorKit.framework */; };
		AC2E7F1E2CB90A1900688EBA /* CameraViewController.swift in Sources */ = {isa = PBXBuildFile; fileRef = AC2E7F1D2CB90A1900688EBA /* CameraViewController.swift */; };
		AC3C78242CA72EE600819A36 /* Assets.xcassets in Resources */ = {isa = PBXBuildFile; fileRef = ACD915052C9DEA2000B66661 /* Assets.xcassets */; };
		AC40D3E12CFACED5008561C7 /* SquatViewController.swift in Sources */ = {isa = PBXBuildFile; fileRef = AC40D3E02CFACED5008561C7 /* SquatViewController.swift */; };
		ACBFD2912CDE08120064B0D8 /* grpc.framework in Frameworks */ = {isa = PBXBuildFile; fileRef = ACBFD2902CDE08120064B0D8 /* grpc.framework */; };
		ACBFD2942CE9D8C90064B0D8 /* QuickPoseCamera in Frameworks */ = {isa = PBXBuildFile; productRef = ACBFD2932CE9D8C90064B0D8 /* QuickPoseCamera */; };
		ACBFD2962CE9D8C90064B0D8 /* QuickPoseCore in Frameworks */ = {isa = PBXBuildFile; productRef = ACBFD2952CE9D8C90064B0D8 /* QuickPoseCore */; };
		ACBFD2982CE9D8C90064B0D8 /* QuickPoseMP in Frameworks */ = {isa = PBXBuildFile; productRef = ACBFD2972CE9D8C90064B0D8 /* QuickPoseMP */; };
		ACBFD2A02CE9D8C90064B0D8 /* QuickPoseSwiftUI in Frameworks */ = {isa = PBXBuildFile; productRef = ACBFD29F2CE9D8C90064B0D8 /* QuickPoseSwiftUI */; };
		ACBFD2A22CEEB56C0064B0D8 /* CameraPermissionViewController.swift in Sources */ = {isa = PBXBuildFile; fileRef = ACBFD2A12CEEB56C0064B0D8 /* CameraPermissionViewController.swift */; };
		ACBFD2A82CEEC0460064B0D8 /* main.py in Resources */ = {isa = PBXBuildFile; fileRef = ACBFD2A72CEEC0450064B0D8 /* main.py */; };
		ACBFD2AA2CEEC0630064B0D8 /* MLIntegration.swift in Sources */ = {isa = PBXBuildFile; fileRef = ACBFD2A92CEEC0630064B0D8 /* MLIntegration.swift */; };
		ACBFD2AC2CF4340C0064B0D8 /* test_pose_api.py in Resources */ = {isa = PBXBuildFile; fileRef = ACBFD2AB2CF4340C0064B0D8 /* test_pose_api.py */; };
		ACD914FD2C9DEA1E00B66661 /* AppDelegate.swift in Sources */ = {isa = PBXBuildFile; fileRef = ACD914FC2C9DEA1E00B66661 /* AppDelegate.swift */; };
		ACD914FF2C9DEA1E00B66661 /* SceneDelegate.swift in Sources */ = {isa = PBXBuildFile; fileRef = ACD914FE2C9DEA1E00B66661 /* SceneDelegate.swift */; };
		ACD915012C9DEA1E00B66661 /* ViewController.swift in Sources */ = {isa = PBXBuildFile; fileRef = ACD915002C9DEA1E00B66661 /* ViewController.swift */; };
		ACD915142C9DEA2000B66661 /* WorKitTests.swift in Sources */ = {isa = PBXBuildFile; fileRef = ACD915132C9DEA2000B66661 /* WorKitTests.swift */; };
		ACD9151E2C9DEA2000B66661 /* WorKitUITests.swift in Sources */ = {isa = PBXBuildFile; fileRef = ACD9151D2C9DEA2000B66661 /* WorKitUITests.swift */; };
		ACD915202C9DEA2000B66661 /* WorKitUITestsLaunchTests.swift in Sources */ = {isa = PBXBuildFile; fileRef = ACD9151F2C9DEA2000B66661 /* WorKitUITestsLaunchTests.swift */; };
		ACD9152D2C9DF1E900B66661 /* BMIViewController.swift in Sources */ = {isa = PBXBuildFile; fileRef = ACD9152C2C9DF1E900B66661 /* BMIViewController.swift */; };
		ACD9152F2C9DF29800B66661 /* AccountViewController.swift in Sources */ = {isa = PBXBuildFile; fileRef = ACD9152E2C9DF29800B66661 /* AccountViewController.swift */; };
		ACD915312C9DF31700B66661 /* ProfileViewController.swift in Sources */ = {isa = PBXBuildFile; fileRef = ACD915302C9DF31700B66661 /* ProfileViewController.swift */; };
		ACD915332C9DF37800B66661 /* HomeViewController.swift in Sources */ = {isa = PBXBuildFile; fileRef = ACD915322C9DF37800B66661 /* HomeViewController.swift */; };
		ACD915352C9DF43500B66661 /* LoginViewController.swift in Sources */ = {isa = PBXBuildFile; fileRef = ACD915342C9DF43500B66661 /* LoginViewController.swift */; };
		ACD9153F2C9E0D9B00B66661 /* SignupViewController.swift in Sources */ = {isa = PBXBuildFile; fileRef = ACD9153E2C9E0D9B00B66661 /* SignupViewController.swift */; };
		ACD915442C9F3B0300B66661 /* GoogleService-Info.plist in Resources */ = {isa = PBXBuildFile; fileRef = ACD915432C9F3B0300B66661 /* GoogleService-Info.plist */; };
		ACD915452C9F3BD800B66661 /* Main.storyboard in Resources */ = {isa = PBXBuildFile; fileRef = ACD915022C9DEA1E00B66661 /* Main.storyboard */; };
		ACD9154E2CA0C92000B66661 /* AssetsLibrary.framework in Frameworks */ = {isa = PBXBuildFile; fileRef = ACD9154D2CA0C92000B66661 /* AssetsLibrary.framework */; };
		ACD915542CA0C9CC00B66661 /* OpenCVWrapper.mm in Sources */ = {isa = PBXBuildFile; fileRef = ACD915532CA0C9CC00B66661 /* OpenCVWrapper.mm */; };
		ACD915572CA0E83C00B66661 /* MainTabBarController.swift in Sources */ = {isa = PBXBuildFile; fileRef = ACD915562CA0E83C00B66661 /* MainTabBarController.swift */; };
		ACF5B2882CB914A000FA781F /* AIIntegration.swift in Sources */ = {isa = PBXBuildFile; fileRef = AC3C78252CB2FF7700819A36 /* AIIntegration.swift */; };
		ACF5B28A2CB91C4000FA781F /* opencv2.framework in Frameworks */ = {isa = PBXBuildFile; fileRef = ACD915472CA0C8E100B66661 /* opencv2.framework */; };
		ACF5B28D2CB99E5E00FA781F /* SwiftOpenAI in Frameworks */ = {isa = PBXBuildFile; productRef = ACF5B28C2CB99E5E00FA781F /* SwiftOpenAI */; settings = {ATTRIBUTES = (Required, ); }; };
		ACF5B28F2CB9C58B00FA781F /* QuestionnaireViewController.swift in Sources */ = {isa = PBXBuildFile; fileRef = ACF5B28E2CB9C58A00FA781F /* QuestionnaireViewController.swift */; };
/* End PBXBuildFile section */

/* Begin PBXContainerItemProxy section */
		ACD915102C9DEA2000B66661 /* PBXContainerItemProxy */ = {
			isa = PBXContainerItemProxy;
			containerPortal = ACD914F12C9DEA1E00B66661 /* Project object */;
			proxyType = 1;
			remoteGlobalIDString = ACD914F82C9DEA1E00B66661;
			remoteInfo = WorKit;
		};
		ACD9151A2C9DEA2000B66661 /* PBXContainerItemProxy */ = {
			isa = PBXContainerItemProxy;
			containerPortal = ACD914F12C9DEA1E00B66661 /* Project object */;
			proxyType = 1;
			remoteGlobalIDString = ACD914F82C9DEA1E00B66661;
			remoteInfo = WorKit;
		};
/* End PBXContainerItemProxy section */

/* Begin PBXFileReference section */
		90FA8066D39E49FAEDF03F11 /* Pods-WorKit.release.xcconfig */ = {isa = PBXFileReference; includeInIndex = 1; lastKnownFileType = text.xcconfig; name = "Pods-WorKit.release.xcconfig"; path = "Target Support Files/Pods-WorKit/Pods-WorKit.release.xcconfig"; sourceTree = "<group>"; };
		9C375978682D91C8AD948227 /* Pods-WorKit.debug.xcconfig */ = {isa = PBXFileReference; includeInIndex = 1; lastKnownFileType = text.xcconfig; name = "Pods-WorKit.debug.xcconfig"; path = "Target Support Files/Pods-WorKit/Pods-WorKit.debug.xcconfig"; sourceTree = "<group>"; };
		AC2E7F1D2CB90A1900688EBA /* CameraViewController.swift */ = {isa = PBXFileReference; lastKnownFileType = sourcecode.swift; path = CameraViewController.swift; sourceTree = "<group>"; };
		AC3C78252CB2FF7700819A36 /* AIIntegration.swift */ = {isa = PBXFileReference; lastKnownFileType = sourcecode.swift; path = AIIntegration.swift; sourceTree = "<group>"; };
		AC40D3E02CFACED5008561C7 /* SquatViewController.swift */ = {isa = PBXFileReference; lastKnownFileType = sourcecode.swift; path = SquatViewController.swift; sourceTree = "<group>"; };
		AC7B9F894197C88519185887 /* Pods_WorKit.framework */ = {isa = PBXFileReference; explicitFileType = wrapper.framework; includeInIndex = 0; path = Pods_WorKit.framework; sourceTree = BUILT_PRODUCTS_DIR; };
		ACBFD2902CDE08120064B0D8 /* grpc.framework */ = {isa = PBXFileReference; explicitFileType = wrapper.framework; path = grpc.framework; sourceTree = BUILT_PRODUCTS_DIR; };
		ACBFD2A12CEEB56C0064B0D8 /* CameraPermissionViewController.swift */ = {isa = PBXFileReference; lastKnownFileType = sourcecode.swift; path = CameraPermissionViewController.swift; sourceTree = "<group>"; };
		ACBFD2A72CEEC0450064B0D8 /* main.py */ = {isa = PBXFileReference; fileEncoding = 4; lastKnownFileType = text.script.python; path = main.py; sourceTree = "<group>"; };
		ACBFD2A92CEEC0630064B0D8 /* MLIntegration.swift */ = {isa = PBXFileReference; fileEncoding = 4; lastKnownFileType = sourcecode.swift; path = MLIntegration.swift; sourceTree = "<group>"; };
		ACBFD2AB2CF4340C0064B0D8 /* test_pose_api.py */ = {isa = PBXFileReference; lastKnownFileType = text.script.python; path = test_pose_api.py; sourceTree = "<group>"; };
		ACD914F92C9DEA1E00B66661 /* WorKit.app */ = {isa = PBXFileReference; explicitFileType = wrapper.application; includeInIndex = 0; path = WorKit.app; sourceTree = BUILT_PRODUCTS_DIR; };
		ACD914FC2C9DEA1E00B66661 /* AppDelegate.swift */ = {isa = PBXFileReference; lastKnownFileType = sourcecode.swift; path = AppDelegate.swift; sourceTree = "<group>"; };
		ACD914FE2C9DEA1E00B66661 /* SceneDelegate.swift */ = {isa = PBXFileReference; lastKnownFileType = sourcecode.swift; path = SceneDelegate.swift; sourceTree = "<group>"; };
		ACD915002C9DEA1E00B66661 /* ViewController.swift */ = {isa = PBXFileReference; lastKnownFileType = sourcecode.swift; path = ViewController.swift; sourceTree = "<group>"; };
		ACD915032C9DEA1E00B66661 /* Base */ = {isa = PBXFileReference; lastKnownFileType = file.storyboard; name = Base; path = Base.lproj/Main.storyboard; sourceTree = "<group>"; };
		ACD915052C9DEA2000B66661 /* Assets.xcassets */ = {isa = PBXFileReference; lastKnownFileType = folder.assetcatalog; path = Assets.xcassets; sourceTree = "<group>"; };
		ACD915082C9DEA2000B66661 /* Base */ = {isa = PBXFileReference; lastKnownFileType = file.storyboard; name = Base; path = Base.lproj/LaunchScreen.storyboard; sourceTree = "<group>"; };
		ACD9150F2C9DEA2000B66661 /* WorKitTests.xctest */ = {isa = PBXFileReference; explicitFileType = wrapper.cfbundle; includeInIndex = 0; path = WorKitTests.xctest; sourceTree = BUILT_PRODUCTS_DIR; };
		ACD915132C9DEA2000B66661 /* WorKitTests.swift */ = {isa = PBXFileReference; lastKnownFileType = sourcecode.swift; path = WorKitTests.swift; sourceTree = "<group>"; };
		ACD915192C9DEA2000B66661 /* WorKitUITests.xctest */ = {isa = PBXFileReference; explicitFileType = wrapper.cfbundle; includeInIndex = 0; path = WorKitUITests.xctest; sourceTree = BUILT_PRODUCTS_DIR; };
		ACD9151D2C9DEA2000B66661 /* WorKitUITests.swift */ = {isa = PBXFileReference; lastKnownFileType = sourcecode.swift; path = WorKitUITests.swift; sourceTree = "<group>"; };
		ACD9151F2C9DEA2000B66661 /* WorKitUITestsLaunchTests.swift */ = {isa = PBXFileReference; lastKnownFileType = sourcecode.swift; path = WorKitUITestsLaunchTests.swift; sourceTree = "<group>"; };
		ACD9152C2C9DF1E900B66661 /* BMIViewController.swift */ = {isa = PBXFileReference; lastKnownFileType = sourcecode.swift; path = BMIViewController.swift; sourceTree = "<group>"; };
		ACD9152E2C9DF29800B66661 /* AccountViewController.swift */ = {isa = PBXFileReference; lastKnownFileType = sourcecode.swift; path = AccountViewController.swift; sourceTree = "<group>"; };
		ACD915302C9DF31700B66661 /* ProfileViewController.swift */ = {isa = PBXFileReference; lastKnownFileType = sourcecode.swift; path = ProfileViewController.swift; sourceTree = "<group>"; };
		ACD915322C9DF37800B66661 /* HomeViewController.swift */ = {isa = PBXFileReference; lastKnownFileType = sourcecode.swift; path = HomeViewController.swift; sourceTree = "<group>"; };
		ACD915342C9DF43500B66661 /* LoginViewController.swift */ = {isa = PBXFileReference; lastKnownFileType = sourcecode.swift; path = LoginViewController.swift; sourceTree = "<group>"; };
		ACD9153C2C9E0AAA00B66661 /* Info.plist */ = {isa = PBXFileReference; lastKnownFileType = text.plist.xml; path = Info.plist; sourceTree = "<group>"; };
		ACD9153E2C9E0D9B00B66661 /* SignupViewController.swift */ = {isa = PBXFileReference; lastKnownFileType = sourcecode.swift; path = SignupViewController.swift; sourceTree = "<group>"; };
		ACD915432C9F3B0300B66661 /* GoogleService-Info.plist */ = {isa = PBXFileReference; fileEncoding = 4; lastKnownFileType = text.plist.xml; path = "GoogleService-Info.plist"; sourceTree = "<group>"; };
		ACD915462C9F48FC00B66661 /* WorKit.entitlements */ = {isa = PBXFileReference; lastKnownFileType = text.plist.entitlements; path = WorKit.entitlements; sourceTree = "<group>"; };
		ACD915472CA0C8E100B66661 /* opencv2.framework */ = {isa = PBXFileReference; lastKnownFileType = wrapper.framework; path = opencv2.framework; sourceTree = "<group>"; };
		ACD915492CA0C90F00B66661 /* CoreGraphics.framework */ = {isa = PBXFileReference; lastKnownFileType = wrapper.framework; name = CoreGraphics.framework; path = System/Library/Frameworks/CoreGraphics.framework; sourceTree = SDKROOT; };
		ACD9154B2CA0C91A00B66661 /* CoreMedia.framework */ = {isa = PBXFileReference; lastKnownFileType = wrapper.framework; name = CoreMedia.framework; path = System/Library/Frameworks/CoreMedia.framework; sourceTree = SDKROOT; };
		ACD9154D2CA0C92000B66661 /* AssetsLibrary.framework */ = {isa = PBXFileReference; lastKnownFileType = wrapper.framework; name = AssetsLibrary.framework; path = System/Library/Frameworks/AssetsLibrary.framework; sourceTree = SDKROOT; };
		ACD9154F2CA0C99800B66661 /* WorKit-Bridging-Header.h */ = {isa = PBXFileReference; lastKnownFileType = sourcecode.c.h; path = "WorKit-Bridging-Header.h"; sourceTree = "<group>"; };
		ACD915502CA0C99A00B66661 /* OpenCVWrapper.h */ = {isa = PBXFileReference; lastKnownFileType = sourcecode.c.h; path = OpenCVWrapper.h; sourceTree = "<group>"; };
		ACD915532CA0C9CC00B66661 /* OpenCVWrapper.mm */ = {isa = PBXFileReference; fileEncoding = 4; lastKnownFileType = sourcecode.cpp.objcpp; path = OpenCVWrapper.mm; sourceTree = "<group>"; };
		ACD915552CA0CA8000B66661 /* PrefixHeader.pch */ = {isa = PBXFileReference; lastKnownFileType = sourcecode.c.h; path = PrefixHeader.pch; sourceTree = "<group>"; };
		ACD915562CA0E83C00B66661 /* MainTabBarController.swift */ = {isa = PBXFileReference; lastKnownFileType = sourcecode.swift; path = MainTabBarController.swift; sourceTree = "<group>"; };
		ACF5B28E2CB9C58A00FA781F /* QuestionnaireViewController.swift */ = {isa = PBXFileReference; fileEncoding = 4; lastKnownFileType = sourcecode.swift; path = QuestionnaireViewController.swift; sourceTree = "<group>"; };
/* End PBXFileReference section */

/* Begin PBXFrameworksBuildPhase section */
		ACD914F62C9DEA1E00B66661 /* Frameworks */ = {
			isa = PBXFrameworksBuildPhase;
			buildActionMask = 2147483647;
			files = (
				ACBFD2912CDE08120064B0D8 /* grpc.framework in Frameworks */,
				ACBFD2962CE9D8C90064B0D8 /* QuickPoseCore in Frameworks */,
				ACF5B28D2CB99E5E00FA781F /* SwiftOpenAI in Frameworks */,
				ACBFD2942CE9D8C90064B0D8 /* QuickPoseCamera in Frameworks */,
				ACBFD2982CE9D8C90064B0D8 /* QuickPoseMP in Frameworks */,
				ACBFD2A02CE9D8C90064B0D8 /* QuickPoseSwiftUI in Frameworks */,
				ACD9154E2CA0C92000B66661 /* AssetsLibrary.framework in Frameworks */,
				ACF5B28A2CB91C4000FA781F /* opencv2.framework in Frameworks */,
				05D1BFE347893444656ABCBD /* Pods_WorKit.framework in Frameworks */,
			);
			runOnlyForDeploymentPostprocessing = 0;
		};
		ACD9150C2C9DEA2000B66661 /* Frameworks */ = {
			isa = PBXFrameworksBuildPhase;
			buildActionMask = 2147483647;
			files = (
			);
			runOnlyForDeploymentPostprocessing = 0;
		};
		ACD915162C9DEA2000B66661 /* Frameworks */ = {
			isa = PBXFrameworksBuildPhase;
			buildActionMask = 2147483647;
			files = (
			);
			runOnlyForDeploymentPostprocessing = 0;
		};
/* End PBXFrameworksBuildPhase section */

/* Begin PBXGroup section */
		7DE6B16FE9305A457B0F1E8A /* Pods */ = {
			isa = PBXGroup;
			children = (
				9C375978682D91C8AD948227 /* Pods-WorKit.debug.xcconfig */,
				90FA8066D39E49FAEDF03F11 /* Pods-WorKit.release.xcconfig */,
			);
			path = Pods;
			sourceTree = "<group>";
		};
		ACD914F02C9DEA1E00B66661 = {
			isa = PBXGroup;
			children = (
				ACD915552CA0CA8000B66661 /* PrefixHeader.pch */,
				ACBFD2A72CEEC0450064B0D8 /* main.py */,
				ACBFD2AB2CF4340C0064B0D8 /* test_pose_api.py */,
				ACD915502CA0C99A00B66661 /* OpenCVWrapper.h */,
				ACD915532CA0C9CC00B66661 /* OpenCVWrapper.mm */,
				ACD915432C9F3B0300B66661 /* GoogleService-Info.plist */,
				ACD915472CA0C8E100B66661 /* opencv2.framework */,
				ACD914FB2C9DEA1E00B66661 /* WorKit */,
				ACD915122C9DEA2000B66661 /* WorKitTests */,
				ACD9151C2C9DEA2000B66661 /* WorKitUITests */,
				ACD914FA2C9DEA1E00B66661 /* Products */,
				7DE6B16FE9305A457B0F1E8A /* Pods */,
				C65641D3415A430160E26F7D /* Frameworks */,
				ACD9154F2CA0C99800B66661 /* WorKit-Bridging-Header.h */,
			);
			sourceTree = "<group>";
		};
		ACD914FA2C9DEA1E00B66661 /* Products */ = {
			isa = PBXGroup;
			children = (
				ACD914F92C9DEA1E00B66661 /* WorKit.app */,
				ACD9150F2C9DEA2000B66661 /* WorKitTests.xctest */,
				ACD915192C9DEA2000B66661 /* WorKitUITests.xctest */,
			);
			name = Products;
			sourceTree = "<group>";
		};
		ACD914FB2C9DEA1E00B66661 /* WorKit */ = {
			isa = PBXGroup;
			children = (
				ACD915462C9F48FC00B66661 /* WorKit.entitlements */,
				ACD9152C2C9DF1E900B66661 /* BMIViewController.swift */,
				ACD914FC2C9DEA1E00B66661 /* AppDelegate.swift */,
				ACD9153C2C9E0AAA00B66661 /* Info.plist */,
				ACD914FE2C9DEA1E00B66661 /* SceneDelegate.swift */,
				ACD9152E2C9DF29800B66661 /* AccountViewController.swift */,
				ACD915002C9DEA1E00B66661 /* ViewController.swift */,
				ACD915022C9DEA1E00B66661 /* Main.storyboard */,
				ACD915052C9DEA2000B66661 /* Assets.xcassets */,
				ACD915072C9DEA2000B66661 /* LaunchScreen.storyboard */,
				ACF5B28E2CB9C58A00FA781F /* QuestionnaireViewController.swift */,
				ACD915302C9DF31700B66661 /* ProfileViewController.swift */,
				ACD915322C9DF37800B66661 /* HomeViewController.swift */,
				ACD915342C9DF43500B66661 /* LoginViewController.swift */,
				ACD9153E2C9E0D9B00B66661 /* SignupViewController.swift */,
				ACBFD2A92CEEC0630064B0D8 /* MLIntegration.swift */,
				ACD915562CA0E83C00B66661 /* MainTabBarController.swift */,
				AC3C78252CB2FF7700819A36 /* AIIntegration.swift */,
				ACBFD2A12CEEB56C0064B0D8 /* CameraPermissionViewController.swift */,
				AC2E7F1D2CB90A1900688EBA /* CameraViewController.swift */,
				AC40D3E02CFACED5008561C7 /* SquatViewController.swift */,
			);
			path = WorKit;
			sourceTree = "<group>";
		};
		ACD915122C9DEA2000B66661 /* WorKitTests */ = {
			isa = PBXGroup;
			children = (
				ACD915132C9DEA2000B66661 /* WorKitTests.swift */,
			);
			path = WorKitTests;
			sourceTree = "<group>";
		};
		ACD9151C2C9DEA2000B66661 /* WorKitUITests */ = {
			isa = PBXGroup;
			children = (
				ACD9151D2C9DEA2000B66661 /* WorKitUITests.swift */,
				ACD9151F2C9DEA2000B66661 /* WorKitUITestsLaunchTests.swift */,
			);
			path = WorKitUITests;
			sourceTree = "<group>";
		};
		C65641D3415A430160E26F7D /* Frameworks */ = {
			isa = PBXGroup;
			children = (
				ACBFD2902CDE08120064B0D8 /* grpc.framework */,
				ACD9154D2CA0C92000B66661 /* AssetsLibrary.framework */,
				ACD9154B2CA0C91A00B66661 /* CoreMedia.framework */,
				ACD915492CA0C90F00B66661 /* CoreGraphics.framework */,
				AC7B9F894197C88519185887 /* Pods_WorKit.framework */,
			);
			name = Frameworks;
			sourceTree = "<group>";
		};
/* End PBXGroup section */

/* Begin PBXNativeTarget section */
		ACD914F82C9DEA1E00B66661 /* WorKit */ = {
			isa = PBXNativeTarget;
			buildConfigurationList = ACD915232C9DEA2000B66661 /* Build configuration list for PBXNativeTarget "WorKit" */;
			buildPhases = (
				144825FD35D38E8FB99D6B69 /* [CP] Check Pods Manifest.lock */,
				ACD914F52C9DEA1E00B66661 /* Sources */,
				ACD914F62C9DEA1E00B66661 /* Frameworks */,
				ACD914F72C9DEA1E00B66661 /* Resources */,
				CE6E3EFEF6AABC6C8A83D9B0 /* [CP] Embed Pods Frameworks */,
				A6FDAEE7907BD94EDC67EA71 /* [CP] Copy Pods Resources */,
			);
			buildRules = (
			);
			dependencies = (
			);
			name = WorKit;
			packageProductDependencies = (
				ACF5B28C2CB99E5E00FA781F /* SwiftOpenAI */,
				ACBFD2932CE9D8C90064B0D8 /* QuickPoseCamera */,
				ACBFD2952CE9D8C90064B0D8 /* QuickPoseCore */,
				ACBFD2972CE9D8C90064B0D8 /* QuickPoseMP */,
				ACBFD29F2CE9D8C90064B0D8 /* QuickPoseSwiftUI */,
			);
			productName = WorKit;
			productReference = ACD914F92C9DEA1E00B66661 /* WorKit.app */;
			productType = "com.apple.product-type.application";
		};
		ACD9150E2C9DEA2000B66661 /* WorKitTests */ = {
			isa = PBXNativeTarget;
			buildConfigurationList = ACD915262C9DEA2000B66661 /* Build configuration list for PBXNativeTarget "WorKitTests" */;
			buildPhases = (
				ACD9150B2C9DEA2000B66661 /* Sources */,
				ACD9150C2C9DEA2000B66661 /* Frameworks */,
				ACD9150D2C9DEA2000B66661 /* Resources */,
			);
			buildRules = (
			);
			dependencies = (
				ACD915112C9DEA2000B66661 /* PBXTargetDependency */,
			);
			name = WorKitTests;
			productName = WorKitTests;
			productReference = ACD9150F2C9DEA2000B66661 /* WorKitTests.xctest */;
			productType = "com.apple.product-type.bundle.unit-test";
		};
		ACD915182C9DEA2000B66661 /* WorKitUITests */ = {
			isa = PBXNativeTarget;
			buildConfigurationList = ACD915292C9DEA2000B66661 /* Build configuration list for PBXNativeTarget "WorKitUITests" */;
			buildPhases = (
				ACD915152C9DEA2000B66661 /* Sources */,
				ACD915162C9DEA2000B66661 /* Frameworks */,
				ACD915172C9DEA2000B66661 /* Resources */,
			);
			buildRules = (
			);
			dependencies = (
				ACD9151B2C9DEA2000B66661 /* PBXTargetDependency */,
			);
			name = WorKitUITests;
			productName = WorKitUITests;
			productReference = ACD915192C9DEA2000B66661 /* WorKitUITests.xctest */;
			productType = "com.apple.product-type.bundle.ui-testing";
		};
/* End PBXNativeTarget section */

/* Begin PBXProject section */
		ACD914F12C9DEA1E00B66661 /* Project object */ = {
			isa = PBXProject;
			attributes = {
				BuildIndependentTargetsInParallel = 1;
				LastSwiftUpdateCheck = 1520;
				LastUpgradeCheck = 1520;
				TargetAttributes = {
					ACD914F82C9DEA1E00B66661 = {
						CreatedOnToolsVersion = 15.2;
						LastSwiftMigration = 1520;
					};
					ACD9150E2C9DEA2000B66661 = {
						CreatedOnToolsVersion = 15.2;
						TestTargetID = ACD914F82C9DEA1E00B66661;
					};
					ACD915182C9DEA2000B66661 = {
						CreatedOnToolsVersion = 15.2;
						TestTargetID = ACD914F82C9DEA1E00B66661;
					};
				};
			};
			buildConfigurationList = ACD914F42C9DEA1E00B66661 /* Build configuration list for PBXProject "WorKit" */;
			compatibilityVersion = "Xcode 14.0";
			developmentRegion = en;
			hasScannedForEncodings = 0;
			knownRegions = (
				en,
				Base,
			);
			mainGroup = ACD914F02C9DEA1E00B66661;
			packageReferences = (
				ACD915362C9DFA3700B66661 /* XCRemoteSwiftPackageReference "firebase-ios-sdk" */,
				ACF5B28B2CB99E5E00FA781F /* XCRemoteSwiftPackageReference "SwiftOpenAI" */,
				ACBFD2922CE9D0C30064B0D8 /* XCRemoteSwiftPackageReference "quickpose-ios-sdk" */,
			);
			productRefGroup = ACD914FA2C9DEA1E00B66661 /* Products */;
			projectDirPath = "";
			projectRoot = "";
			targets = (
				ACD914F82C9DEA1E00B66661 /* WorKit */,
				ACD9150E2C9DEA2000B66661 /* WorKitTests */,
				ACD915182C9DEA2000B66661 /* WorKitUITests */,
			);
		};
/* End PBXProject section */

/* Begin PBXResourcesBuildPhase section */
		ACD914F72C9DEA1E00B66661 /* Resources */ = {
			isa = PBXResourcesBuildPhase;
			buildActionMask = 2147483647;
			files = (
				ACD915442C9F3B0300B66661 /* GoogleService-Info.plist in Resources */,
				AC3C78242CA72EE600819A36 /* Assets.xcassets in Resources */,
				ACD915452C9F3BD800B66661 /* Main.storyboard in Resources */,
				ACBFD2A82CEEC0460064B0D8 /* main.py in Resources */,
				ACBFD2AC2CF4340C0064B0D8 /* test_pose_api.py in Resources */,
			);
			runOnlyForDeploymentPostprocessing = 0;
		};
		ACD9150D2C9DEA2000B66661 /* Resources */ = {
			isa = PBXResourcesBuildPhase;
			buildActionMask = 2147483647;
			files = (
			);
			runOnlyForDeploymentPostprocessing = 0;
		};
		ACD915172C9DEA2000B66661 /* Resources */ = {
			isa = PBXResourcesBuildPhase;
			buildActionMask = 2147483647;
			files = (
			);
			runOnlyForDeploymentPostprocessing = 0;
		};
/* End PBXResourcesBuildPhase section */

/* Begin PBXShellScriptBuildPhase section */
		144825FD35D38E8FB99D6B69 /* [CP] Check Pods Manifest.lock */ = {
			isa = PBXShellScriptBuildPhase;
			buildActionMask = 2147483647;
			files = (
			);
			inputFileListPaths = (
			);
			inputPaths = (
				"${PODS_PODFILE_DIR_PATH}/Podfile.lock",
				"${PODS_ROOT}/Manifest.lock",
			);
			name = "[CP] Check Pods Manifest.lock";
			outputFileListPaths = (
			);
			outputPaths = (
				"$(DERIVED_FILE_DIR)/Pods-WorKit-checkManifestLockResult.txt",
			);
			runOnlyForDeploymentPostprocessing = 0;
			shellPath = /bin/sh;
			shellScript = "diff \"${PODS_PODFILE_DIR_PATH}/Podfile.lock\" \"${PODS_ROOT}/Manifest.lock\" > /dev/null\nif [ $? != 0 ] ; then\n    # print error to STDERR\n    echo \"error: The sandbox is not in sync with the Podfile.lock. Run 'pod install' or update your CocoaPods installation.\" >&2\n    exit 1\nfi\n# This output is used by Xcode 'outputs' to avoid re-running this script phase.\necho \"SUCCESS\" > \"${SCRIPT_OUTPUT_FILE_0}\"\n";
			showEnvVarsInLog = 0;
		};
		A6FDAEE7907BD94EDC67EA71 /* [CP] Copy Pods Resources */ = {
			isa = PBXShellScriptBuildPhase;
			buildActionMask = 2147483647;
			files = (
			);
			inputFileListPaths = (
				"${PODS_ROOT}/Target Support Files/Pods-WorKit/Pods-WorKit-resources-${CONFIGURATION}-input-files.xcfilelist",
			);
			name = "[CP] Copy Pods Resources";
			outputFileListPaths = (
				"${PODS_ROOT}/Target Support Files/Pods-WorKit/Pods-WorKit-resources-${CONFIGURATION}-output-files.xcfilelist",
			);
			runOnlyForDeploymentPostprocessing = 0;
			shellPath = /bin/sh;
			shellScript = "\"${PODS_ROOT}/Target Support Files/Pods-WorKit/Pods-WorKit-resources.sh\"\n";
			showEnvVarsInLog = 0;
		};
		CE6E3EFEF6AABC6C8A83D9B0 /* [CP] Embed Pods Frameworks */ = {
			isa = PBXShellScriptBuildPhase;
			buildActionMask = 2147483647;
			files = (
			);
			inputFileListPaths = (
				"${PODS_ROOT}/Target Support Files/Pods-WorKit/Pods-WorKit-frameworks-${CONFIGURATION}-input-files.xcfilelist",
			);
			name = "[CP] Embed Pods Frameworks";
			outputFileListPaths = (
				"${PODS_ROOT}/Target Support Files/Pods-WorKit/Pods-WorKit-frameworks-${CONFIGURATION}-output-files.xcfilelist",
			);
			runOnlyForDeploymentPostprocessing = 0;
			shellPath = /bin/sh;
			shellScript = "\"${PODS_ROOT}/Target Support Files/Pods-WorKit/Pods-WorKit-frameworks.sh\"\n";
			showEnvVarsInLog = 0;
		};
/* End PBXShellScriptBuildPhase section */

/* Begin PBXSourcesBuildPhase section */
		ACD914F52C9DEA1E00B66661 /* Sources */ = {
			isa = PBXSourcesBuildPhase;
			buildActionMask = 2147483647;
			files = (
				ACD915542CA0C9CC00B66661 /* OpenCVWrapper.mm in Sources */,
				ACD9153F2C9E0D9B00B66661 /* SignupViewController.swift in Sources */,
				ACD915572CA0E83C00B66661 /* MainTabBarController.swift in Sources */,
				ACF5B2882CB914A000FA781F /* AIIntegration.swift in Sources */,
				AC2E7F1E2CB90A1900688EBA /* CameraViewController.swift in Sources */,
				ACBFD2A22CEEB56C0064B0D8 /* CameraPermissionViewController.swift in Sources */,
				ACD915312C9DF31700B66661 /* ProfileViewController.swift in Sources */,
				ACF5B28F2CB9C58B00FA781F /* QuestionnaireViewController.swift in Sources */,
				ACD915012C9DEA1E00B66661 /* ViewController.swift in Sources */,
				ACD9152F2C9DF29800B66661 /* AccountViewController.swift in Sources */,
				ACD9152D2C9DF1E900B66661 /* BMIViewController.swift in Sources */,
				AC40D3E12CFACED5008561C7 /* SquatViewController.swift in Sources */,
				ACBFD2AA2CEEC0630064B0D8 /* MLIntegration.swift in Sources */,
				ACD915352C9DF43500B66661 /* LoginViewController.swift in Sources */,
				ACD914FD2C9DEA1E00B66661 /* AppDelegate.swift in Sources */,
				ACD915332C9DF37800B66661 /* HomeViewController.swift in Sources */,
				ACD914FF2C9DEA1E00B66661 /* SceneDelegate.swift in Sources */,
			);
			runOnlyForDeploymentPostprocessing = 0;
		};
		ACD9150B2C9DEA2000B66661 /* Sources */ = {
			isa = PBXSourcesBuildPhase;
			buildActionMask = 2147483647;
			files = (
				ACD915142C9DEA2000B66661 /* WorKitTests.swift in Sources */,
			);
			runOnlyForDeploymentPostprocessing = 0;
		};
		ACD915152C9DEA2000B66661 /* Sources */ = {
			isa = PBXSourcesBuildPhase;
			buildActionMask = 2147483647;
			files = (
				ACD915202C9DEA2000B66661 /* WorKitUITestsLaunchTests.swift in Sources */,
				ACD9151E2C9DEA2000B66661 /* WorKitUITests.swift in Sources */,
			);
			runOnlyForDeploymentPostprocessing = 0;
		};
/* End PBXSourcesBuildPhase section */

/* Begin PBXTargetDependency section */
		ACD915112C9DEA2000B66661 /* PBXTargetDependency */ = {
			isa = PBXTargetDependency;
			target = ACD914F82C9DEA1E00B66661 /* WorKit */;
			targetProxy = ACD915102C9DEA2000B66661 /* PBXContainerItemProxy */;
		};
		ACD9151B2C9DEA2000B66661 /* PBXTargetDependency */ = {
			isa = PBXTargetDependency;
			target = ACD914F82C9DEA1E00B66661 /* WorKit */;
			targetProxy = ACD9151A2C9DEA2000B66661 /* PBXContainerItemProxy */;
		};
/* End PBXTargetDependency section */

/* Begin PBXVariantGroup section */
		ACD915022C9DEA1E00B66661 /* Main.storyboard */ = {
			isa = PBXVariantGroup;
			children = (
				ACD915032C9DEA1E00B66661 /* Base */,
			);
			name = Main.storyboard;
			sourceTree = "<group>";
		};
		ACD915072C9DEA2000B66661 /* LaunchScreen.storyboard */ = {
			isa = PBXVariantGroup;
			children = (
				ACD915082C9DEA2000B66661 /* Base */,
			);
			name = LaunchScreen.storyboard;
			sourceTree = "<group>";
		};
/* End PBXVariantGroup section */

/* Begin XCBuildConfiguration section */
		ACD915212C9DEA2000B66661 /* Debug */ = {
			isa = XCBuildConfiguration;
			buildSettings = {
				ALWAYS_SEARCH_USER_PATHS = NO;
				ASSETCATALOG_COMPILER_GENERATE_SWIFT_ASSET_SYMBOL_EXTENSIONS = YES;
				CLANG_ANALYZER_NONNULL = YES;
				CLANG_ANALYZER_NUMBER_OBJECT_CONVERSION = YES_AGGRESSIVE;
				CLANG_CXX_LANGUAGE_STANDARD = "gnu++20";
				CLANG_ENABLE_MODULES = YES;
				CLANG_ENABLE_OBJC_ARC = YES;
				CLANG_ENABLE_OBJC_WEAK = YES;
				CLANG_WARN_BLOCK_CAPTURE_AUTORELEASING = YES;
				CLANG_WARN_BOOL_CONVERSION = YES;
				CLANG_WARN_COMMA = YES;
				CLANG_WARN_CONSTANT_CONVERSION = YES;
				CLANG_WARN_DEPRECATED_OBJC_IMPLEMENTATIONS = YES;
				CLANG_WARN_DIRECT_OBJC_ISA_USAGE = YES_ERROR;
				CLANG_WARN_DOCUMENTATION_COMMENTS = YES;
				CLANG_WARN_EMPTY_BODY = YES;
				CLANG_WARN_ENUM_CONVERSION = YES;
				CLANG_WARN_INFINITE_RECURSION = YES;
				CLANG_WARN_INT_CONVERSION = YES;
				CLANG_WARN_NON_LITERAL_NULL_CONVERSION = YES;
				CLANG_WARN_OBJC_IMPLICIT_RETAIN_SELF = YES;
				CLANG_WARN_OBJC_LITERAL_CONVERSION = YES;
				CLANG_WARN_OBJC_ROOT_CLASS = YES_ERROR;
				CLANG_WARN_QUOTED_INCLUDE_IN_FRAMEWORK_HEADER = YES;
				CLANG_WARN_RANGE_LOOP_ANALYSIS = YES;
				CLANG_WARN_STRICT_PROTOTYPES = YES;
				CLANG_WARN_SUSPICIOUS_MOVE = YES;
				CLANG_WARN_UNGUARDED_AVAILABILITY = YES_AGGRESSIVE;
				CLANG_WARN_UNREACHABLE_CODE = YES;
				CLANG_WARN__DUPLICATE_METHOD_MATCH = YES;
				COPY_PHASE_STRIP = NO;
				DEBUG_INFORMATION_FORMAT = dwarf;
				ENABLE_STRICT_OBJC_MSGSEND = YES;
				ENABLE_TESTABILITY = YES;
				ENABLE_USER_SCRIPT_SANDBOXING = NO;
				GCC_C_LANGUAGE_STANDARD = gnu17;
				GCC_DYNAMIC_NO_PIC = NO;
				GCC_NO_COMMON_BLOCKS = YES;
				GCC_OPTIMIZATION_LEVEL = 0;
				GCC_PREPROCESSOR_DEFINITIONS = (
					"DEBUG=1",
					"$(inherited)",
				);
				GCC_WARN_64_TO_32_BIT_CONVERSION = YES;
				GCC_WARN_ABOUT_RETURN_TYPE = YES_ERROR;
				GCC_WARN_UNDECLARED_SELECTOR = YES;
				GCC_WARN_UNINITIALIZED_AUTOS = YES_AGGRESSIVE;
				GCC_WARN_UNUSED_FUNCTION = YES;
				GCC_WARN_UNUSED_VARIABLE = YES;
				IPHONEOS_DEPLOYMENT_TARGET = 17.2;
				LOCALIZATION_PREFERS_STRING_CATALOGS = YES;
				MTL_ENABLE_DEBUG_INFO = INCLUDE_SOURCE;
				MTL_FAST_MATH = YES;
				ONLY_ACTIVE_ARCH = YES;
				SDKROOT = iphoneos;
				SWIFT_ACTIVE_COMPILATION_CONDITIONS = "DEBUG $(inherited)";
				SWIFT_OPTIMIZATION_LEVEL = "-Onone";
			};
			name = Debug;
		};
		ACD915222C9DEA2000B66661 /* Release */ = {
			isa = XCBuildConfiguration;
			buildSettings = {
				ALWAYS_SEARCH_USER_PATHS = NO;
				ASSETCATALOG_COMPILER_GENERATE_SWIFT_ASSET_SYMBOL_EXTENSIONS = YES;
				CLANG_ANALYZER_NONNULL = YES;
				CLANG_ANALYZER_NUMBER_OBJECT_CONVERSION = YES_AGGRESSIVE;
				CLANG_CXX_LANGUAGE_STANDARD = "gnu++20";
				CLANG_ENABLE_MODULES = YES;
				CLANG_ENABLE_OBJC_ARC = YES;
				CLANG_ENABLE_OBJC_WEAK = YES;
				CLANG_WARN_BLOCK_CAPTURE_AUTORELEASING = YES;
				CLANG_WARN_BOOL_CONVERSION = YES;
				CLANG_WARN_COMMA = YES;
				CLANG_WARN_CONSTANT_CONVERSION = YES;
				CLANG_WARN_DEPRECATED_OBJC_IMPLEMENTATIONS = YES;
				CLANG_WARN_DIRECT_OBJC_ISA_USAGE = YES_ERROR;
				CLANG_WARN_DOCUMENTATION_COMMENTS = YES;
				CLANG_WARN_EMPTY_BODY = YES;
				CLANG_WARN_ENUM_CONVERSION = YES;
				CLANG_WARN_INFINITE_RECURSION = YES;
				CLANG_WARN_INT_CONVERSION = YES;
				CLANG_WARN_NON_LITERAL_NULL_CONVERSION = YES;
				CLANG_WARN_OBJC_IMPLICIT_RETAIN_SELF = YES;
				CLANG_WARN_OBJC_LITERAL_CONVERSION = YES;
				CLANG_WARN_OBJC_ROOT_CLASS = YES_ERROR;
				CLANG_WARN_QUOTED_INCLUDE_IN_FRAMEWORK_HEADER = YES;
				CLANG_WARN_RANGE_LOOP_ANALYSIS = YES;
				CLANG_WARN_STRICT_PROTOTYPES = YES;
				CLANG_WARN_SUSPICIOUS_MOVE = YES;
				CLANG_WARN_UNGUARDED_AVAILABILITY = YES_AGGRESSIVE;
				CLANG_WARN_UNREACHABLE_CODE = YES;
				CLANG_WARN__DUPLICATE_METHOD_MATCH = YES;
				COPY_PHASE_STRIP = NO;
				DEBUG_INFORMATION_FORMAT = "dwarf-with-dsym";
				ENABLE_NS_ASSERTIONS = NO;
				ENABLE_STRICT_OBJC_MSGSEND = YES;
				ENABLE_USER_SCRIPT_SANDBOXING = NO;
				GCC_C_LANGUAGE_STANDARD = gnu17;
				GCC_NO_COMMON_BLOCKS = YES;
				GCC_WARN_64_TO_32_BIT_CONVERSION = YES;
				GCC_WARN_ABOUT_RETURN_TYPE = YES_ERROR;
				GCC_WARN_UNDECLARED_SELECTOR = YES;
				GCC_WARN_UNINITIALIZED_AUTOS = YES_AGGRESSIVE;
				GCC_WARN_UNUSED_FUNCTION = YES;
				GCC_WARN_UNUSED_VARIABLE = YES;
				IPHONEOS_DEPLOYMENT_TARGET = 17.2;
				LOCALIZATION_PREFERS_STRING_CATALOGS = YES;
				MTL_ENABLE_DEBUG_INFO = NO;
				MTL_FAST_MATH = YES;
				SDKROOT = iphoneos;
				SWIFT_COMPILATION_MODE = wholemodule;
				VALIDATE_PRODUCT = YES;
			};
			name = Release;
		};
		ACD915242C9DEA2000B66661 /* Debug */ = {
			isa = XCBuildConfiguration;
			baseConfigurationReference = 9C375978682D91C8AD948227 /* Pods-WorKit.debug.xcconfig */;
			buildSettings = {
				ASSETCATALOG_COMPILER_APPICON_NAME = AppIcon;
				ASSETCATALOG_COMPILER_GLOBAL_ACCENT_COLOR_NAME = AccentColor;
				ASSETCATALOG_COMPILER_INCLUDE_ALL_APPICON_ASSETS = YES;
				CLANG_ENABLE_MODULES = YES;
				CODE_SIGN_ENTITLEMENTS = WorKit/WorKit.entitlements;
				CODE_SIGN_STYLE = Automatic;
				CURRENT_PROJECT_VERSION = 1;
				DEVELOPMENT_TEAM = H472URY6LP;
				FRAMEWORK_SEARCH_PATHS = (
					"$(inherited)",
					"$(PROJECT_DIR)",
				);
				GENERATE_INFOPLIST_FILE = YES;
				INFOPLIST_FILE = WorKit/Info.plist;
				INFOPLIST_KEY_UIApplicationSupportsIndirectInputEvents = YES;
				INFOPLIST_KEY_UILaunchStoryboardName = "";
				INFOPLIST_KEY_UIMainStoryboardFile = Main;
				INFOPLIST_KEY_UISupportedInterfaceOrientations_iPad = "UIInterfaceOrientationPortrait UIInterfaceOrientationPortraitUpsideDown UIInterfaceOrientationLandscapeLeft UIInterfaceOrientationLandscapeRight";
				INFOPLIST_KEY_UISupportedInterfaceOrientations_iPhone = "UIInterfaceOrientationPortrait UIInterfaceOrientationLandscapeLeft UIInterfaceOrientationLandscapeRight";
				LD_RUNPATH_SEARCH_PATHS = (
					"$(inherited)",
					"@executable_path/Frameworks",
				);
				MARKETING_VERSION = 1.0;
				PRODUCT_BUNDLE_IDENTIFIER = com.HighRiskNoReward.WorKit;
				PRODUCT_NAME = "$(TARGET_NAME)";
				SWIFT_EMIT_LOC_STRINGS = YES;
				SWIFT_OBJC_BRIDGING_HEADER = "WorKit-Bridging-Header.h";
				SWIFT_OPTIMIZATION_LEVEL = "-Onone";
				SWIFT_VERSION = 5.0;
				TARGETED_DEVICE_FAMILY = "1,2";
			};
			name = Debug;
		};
		ACD915252C9DEA2000B66661 /* Release */ = {
			isa = XCBuildConfiguration;
			baseConfigurationReference = 90FA8066D39E49FAEDF03F11 /* Pods-WorKit.release.xcconfig */;
			buildSettings = {
				ASSETCATALOG_COMPILER_APPICON_NAME = AppIcon;
				ASSETCATALOG_COMPILER_GLOBAL_ACCENT_COLOR_NAME = AccentColor;
				ASSETCATALOG_COMPILER_INCLUDE_ALL_APPICON_ASSETS = YES;
				CLANG_ENABLE_MODULES = YES;
				CODE_SIGN_ENTITLEMENTS = WorKit/WorKit.entitlements;
				CODE_SIGN_STYLE = Automatic;
				CURRENT_PROJECT_VERSION = 1;
				DEVELOPMENT_TEAM = H472URY6LP;
				FRAMEWORK_SEARCH_PATHS = (
					"$(inherited)",
					"$(PROJECT_DIR)",
				);
				GENERATE_INFOPLIST_FILE = YES;
				INFOPLIST_FILE = WorKit/Info.plist;
				INFOPLIST_KEY_UIApplicationSupportsIndirectInputEvents = YES;
				INFOPLIST_KEY_UILaunchStoryboardName = "";
				INFOPLIST_KEY_UIMainStoryboardFile = Main;
				INFOPLIST_KEY_UISupportedInterfaceOrientations_iPad = "UIInterfaceOrientationPortrait UIInterfaceOrientationPortraitUpsideDown UIInterfaceOrientationLandscapeLeft UIInterfaceOrientationLandscapeRight";
				INFOPLIST_KEY_UISupportedInterfaceOrientations_iPhone = "UIInterfaceOrientationPortrait UIInterfaceOrientationLandscapeLeft UIInterfaceOrientationLandscapeRight";
				LD_RUNPATH_SEARCH_PATHS = (
					"$(inherited)",
					"@executable_path/Frameworks",
				);
				MARKETING_VERSION = 1.0;
				PRODUCT_BUNDLE_IDENTIFIER = com.HighRiskNoReward.WorKit;
				PRODUCT_NAME = "$(TARGET_NAME)";
				SWIFT_EMIT_LOC_STRINGS = YES;
				SWIFT_OBJC_BRIDGING_HEADER = "WorKit-Bridging-Header.h";
				SWIFT_VERSION = 5.0;
				TARGETED_DEVICE_FAMILY = "1,2";
			};
			name = Release;
		};
		ACD915272C9DEA2000B66661 /* Debug */ = {
			isa = XCBuildConfiguration;
			buildSettings = {
				ALWAYS_EMBED_SWIFT_STANDARD_LIBRARIES = YES;
				BUNDLE_LOADER = "$(TEST_HOST)";
				CODE_SIGN_STYLE = Automatic;
				CURRENT_PROJECT_VERSION = 1;
				DEVELOPMENT_TEAM = H472URY6LP;
				GENERATE_INFOPLIST_FILE = YES;
				IPHONEOS_DEPLOYMENT_TARGET = 17.2;
				MARKETING_VERSION = 1.0;
				PRODUCT_BUNDLE_IDENTIFIER = Test.WorKitTests;
				PRODUCT_NAME = "$(TARGET_NAME)";
				SWIFT_EMIT_LOC_STRINGS = NO;
				SWIFT_VERSION = 5.0;
				TARGETED_DEVICE_FAMILY = "1,2";
				TEST_HOST = "$(BUILT_PRODUCTS_DIR)/WorKit.app/$(BUNDLE_EXECUTABLE_FOLDER_PATH)/WorKit";
			};
			name = Debug;
		};
		ACD915282C9DEA2000B66661 /* Release */ = {
			isa = XCBuildConfiguration;
			buildSettings = {
				ALWAYS_EMBED_SWIFT_STANDARD_LIBRARIES = YES;
				BUNDLE_LOADER = "$(TEST_HOST)";
				CODE_SIGN_STYLE = Automatic;
				CURRENT_PROJECT_VERSION = 1;
				DEVELOPMENT_TEAM = H472URY6LP;
				GENERATE_INFOPLIST_FILE = YES;
				IPHONEOS_DEPLOYMENT_TARGET = 17.2;
				MARKETING_VERSION = 1.0;
				PRODUCT_BUNDLE_IDENTIFIER = Test.WorKitTests;
				PRODUCT_NAME = "$(TARGET_NAME)";
				SWIFT_EMIT_LOC_STRINGS = NO;
				SWIFT_VERSION = 5.0;
				TARGETED_DEVICE_FAMILY = "1,2";
				TEST_HOST = "$(BUILT_PRODUCTS_DIR)/WorKit.app/$(BUNDLE_EXECUTABLE_FOLDER_PATH)/WorKit";
			};
			name = Release;
		};
		ACD9152A2C9DEA2000B66661 /* Debug */ = {
			isa = XCBuildConfiguration;
			buildSettings = {
				ALWAYS_EMBED_SWIFT_STANDARD_LIBRARIES = YES;
				CODE_SIGN_STYLE = Automatic;
				CURRENT_PROJECT_VERSION = 1;
				DEVELOPMENT_TEAM = H472URY6LP;
				GENERATE_INFOPLIST_FILE = YES;
				MARKETING_VERSION = 1.0;
				PRODUCT_BUNDLE_IDENTIFIER = Test.WorKitUITests;
				PRODUCT_NAME = "$(TARGET_NAME)";
				SWIFT_EMIT_LOC_STRINGS = NO;
				SWIFT_VERSION = 5.0;
				TARGETED_DEVICE_FAMILY = "1,2";
				TEST_TARGET_NAME = WorKit;
			};
			name = Debug;
		};
		ACD9152B2C9DEA2000B66661 /* Release */ = {
			isa = XCBuildConfiguration;
			buildSettings = {
				ALWAYS_EMBED_SWIFT_STANDARD_LIBRARIES = YES;
				CODE_SIGN_STYLE = Automatic;
				CURRENT_PROJECT_VERSION = 1;
				DEVELOPMENT_TEAM = H472URY6LP;
				GENERATE_INFOPLIST_FILE = YES;
				MARKETING_VERSION = 1.0;
				PRODUCT_BUNDLE_IDENTIFIER = Test.WorKitUITests;
				PRODUCT_NAME = "$(TARGET_NAME)";
				SWIFT_EMIT_LOC_STRINGS = NO;
				SWIFT_VERSION = 5.0;
				TARGETED_DEVICE_FAMILY = "1,2";
				TEST_TARGET_NAME = WorKit;
			};
			name = Release;
		};
/* End XCBuildConfiguration section */

/* Begin XCConfigurationList section */
		ACD914F42C9DEA1E00B66661 /* Build configuration list for PBXProject "WorKit" */ = {
			isa = XCConfigurationList;
			buildConfigurations = (
				ACD915212C9DEA2000B66661 /* Debug */,
				ACD915222C9DEA2000B66661 /* Release */,
			);
			defaultConfigurationIsVisible = 0;
			defaultConfigurationName = Release;
		};
		ACD915232C9DEA2000B66661 /* Build configuration list for PBXNativeTarget "WorKit" */ = {
			isa = XCConfigurationList;
			buildConfigurations = (
				ACD915242C9DEA2000B66661 /* Debug */,
				ACD915252C9DEA2000B66661 /* Release */,
			);
			defaultConfigurationIsVisible = 0;
			defaultConfigurationName = Release;
		};
		ACD915262C9DEA2000B66661 /* Build configuration list for PBXNativeTarget "WorKitTests" */ = {
			isa = XCConfigurationList;
			buildConfigurations = (
				ACD915272C9DEA2000B66661 /* Debug */,
				ACD915282C9DEA2000B66661 /* Release */,
			);
			defaultConfigurationIsVisible = 0;
			defaultConfigurationName = Release;
		};
		ACD915292C9DEA2000B66661 /* Build configuration list for PBXNativeTarget "WorKitUITests" */ = {
			isa = XCConfigurationList;
			buildConfigurations = (
				ACD9152A2C9DEA2000B66661 /* Debug */,
				ACD9152B2C9DEA2000B66661 /* Release */,
			);
			defaultConfigurationIsVisible = 0;
			defaultConfigurationName = Release;
		};
/* End XCConfigurationList section */

/* Begin XCRemoteSwiftPackageReference section */
		ACBFD2922CE9D0C30064B0D8 /* XCRemoteSwiftPackageReference "quickpose-ios-sdk" */ = {
			isa = XCRemoteSwiftPackageReference;
			repositoryURL = "https://github.com/quickpose/quickpose-ios-sdk.git";
			requirement = {
				branch = main;
				kind = branch;
			};
		};
		ACD915362C9DFA3700B66661 /* XCRemoteSwiftPackageReference "firebase-ios-sdk" */ = {
			isa = XCRemoteSwiftPackageReference;
			repositoryURL = "https://github.com/firebase/firebase-ios-sdk";
			requirement = {
				kind = upToNextMajorVersion;
				minimumVersion = 11.2.0;
			};
		};
		ACF5B28B2CB99E5E00FA781F /* XCRemoteSwiftPackageReference "SwiftOpenAI" */ = {
			isa = XCRemoteSwiftPackageReference;
			repositoryURL = "https://github.com/jamesrochabrun/SwiftOpenAI";
			requirement = {
				branch = main;
				kind = branch;
			};
		};
/* End XCRemoteSwiftPackageReference section */

/* Begin XCSwiftPackageProductDependency section */
		ACBFD2932CE9D8C90064B0D8 /* QuickPoseCamera */ = {
			isa = XCSwiftPackageProductDependency;
			package = ACBFD2922CE9D0C30064B0D8 /* XCRemoteSwiftPackageReference "quickpose-ios-sdk" */;
			productName = QuickPoseCamera;
		};
		ACBFD2952CE9D8C90064B0D8 /* QuickPoseCore */ = {
			isa = XCSwiftPackageProductDependency;
			package = ACBFD2922CE9D0C30064B0D8 /* XCRemoteSwiftPackageReference "quickpose-ios-sdk" */;
			productName = QuickPoseCore;
		};
		ACBFD2972CE9D8C90064B0D8 /* QuickPoseMP */ = {
			isa = XCSwiftPackageProductDependency;
			package = ACBFD2922CE9D0C30064B0D8 /* XCRemoteSwiftPackageReference "quickpose-ios-sdk" */;
			productName = QuickPoseMP;
		};
		ACBFD29F2CE9D8C90064B0D8 /* QuickPoseSwiftUI */ = {
			isa = XCSwiftPackageProductDependency;
			package = ACBFD2922CE9D0C30064B0D8 /* XCRemoteSwiftPackageReference "quickpose-ios-sdk" */;
			productName = QuickPoseSwiftUI;
		};
		ACF5B28C2CB99E5E00FA781F /* SwiftOpenAI */ = {
			isa = XCSwiftPackageProductDependency;
			package = ACF5B28B2CB99E5E00FA781F /* XCRemoteSwiftPackageReference "SwiftOpenAI" */;
			productName = SwiftOpenAI;
		};
/* End XCSwiftPackageProductDependency section */
	};
	rootObject = ACD914F12C9DEA1E00B66661 /* Project object */;
}
